
Microsoft Visual Studio Solution File, Format Version 12.00
# Visual Studio 15
VisualStudioVersion = 15.0.27130.2026
MinimumVisualStudioVersion = 10.0.40219.1
Project("{FAE04EC0-301F-11D3-BF4B-00C04F79EFBC}") = "QRHere.Android", "QRHere\QRHere.Android\QRHere.Android.csproj", "{354401AF-F612-4FC7-8806-657CAF505121}"
EndProject
Project("{FAE04EC0-301F-11D3-BF4B-00C04F79EFBC}") = "QRHere.iOS", "QRHere\QRHere.iOS\QRHere.iOS.csproj", "{03854F53-E2C5-4B4D-AD9C-51062AB75205}"
EndProject
Project("{FAE04EC0-301F-11D3-BF4B-00C04F79EFBC}") = "QRHere", "QRHere\QRHere\QRHere.csproj", "{EEBF159C-8C3B-4C88-985A-E0A2FF8C0522}"
EndProject
Global
	GlobalSection(SolutionConfigurationPlatforms) = preSolution
		Ad-Hoc|Any CPU = Ad-Hoc|Any CPU
		Ad-Hoc|iPhone = Ad-Hoc|iPhone
		Ad-Hoc|iPhoneSimulator = Ad-Hoc|iPhoneSimulator
		AppStore|Any CPU = AppStore|Any CPU
		AppStore|iPhone = AppStore|iPhone
		AppStore|iPhoneSimulator = AppStore|iPhoneSimulator
		Debug|Any CPU = Debug|Any CPU
		Debug|iPhone = Debug|iPhone
		Debug|iPhoneSimulator = Debug|iPhoneSimulator
		Release|Any CPU = Release|Any CPU
		Release|iPhone = Release|iPhone
		Release|iPhoneSimulator = Release|iPhoneSimulator
	EndGlobalSection
	GlobalSection(ProjectConfigurationPlatforms) = postSolution
		{354401AF-F612-4FC7-8806-657CAF505121}.Ad-Hoc|Any CPU.ActiveCfg = Release|Any CPU
		{354401AF-F612-4FC7-8806-657CAF505121}.Ad-Hoc|Any CPU.Build.0 = Release|Any CPU
		{354401AF-F612-4FC7-8806-657CAF505121}.Ad-Hoc|Any CPU.Deploy.0 = Release|Any CPU
		{354401AF-F612-4FC7-8806-657CAF505121}.Ad-Hoc|iPhone.ActiveCfg = Release|Any CPU
		{354401AF-F612-4FC7-8806-657CAF505121}.Ad-Hoc|iPhone.Build.0 = Release|Any CPU
		{354401AF-F612-4FC7-8806-657CAF505121}.Ad-Hoc|iPhone.Deploy.0 = Release|Any CPU
		{354401AF-F612-4FC7-8806-657CAF505121}.Ad-Hoc|iPhoneSimulator.ActiveCfg = Release|Any CPU
		{354401AF-F612-4FC7-8806-657CAF505121}.Ad-Hoc|iPhoneSimulator.Build.0 = Release|Any CPU
		{354401AF-F612-4FC7-8806-657CAF505121}.Ad-Hoc|iPhoneSimulator.Deploy.0 = Release|Any CPU
		{354401AF-F612-4FC7-8806-657CAF505121}.AppStore|Any CPU.ActiveCfg = Release|Any CPU
		{354401AF-F612-4FC7-8806-657CAF505121}.AppStore|Any CPU.Build.0 = Release|Any CPU
		{354401AF-F612-4FC7-8806-657CAF505121}.AppStore|Any CPU.Deploy.0 = Release|Any CPU
		{354401AF-F612-4FC7-8806-657CAF505121}.AppStore|iPhone.ActiveCfg = Release|Any CPU
		{354401AF-F612-4FC7-8806-657CAF505121}.AppStore|iPhone.Build.0 = Release|Any CPU
		{354401AF-F612-4FC7-8806-657CAF505121}.AppStore|iPhone.Deploy.0 = Release|Any CPU
		{354401AF-F612-4FC7-8806-657CAF505121}.AppStore|iPhoneSimulator.ActiveCfg = Release|Any CPU
		{354401AF-F612-4FC7-8806-657CAF505121}.AppStore|iPhoneSimulator.Build.0 = Release|Any CPU
		{354401AF-F612-4FC7-8806-657CAF505121}.AppStore|iPhoneSimulator.Deploy.0 = Release|Any CPU
		{354401AF-F612-4FC7-8806-657CAF505121}.Debug|Any CPU.ActiveCfg = Debug|Any CPU
		{354401AF-F612-4FC7-8806-657CAF505121}.Debug|Any CPU.Build.0 = Debug|Any CPU
		{354401AF-F612-4FC7-8806-657CAF505121}.Debug|Any CPU.Deploy.0 = Debug|Any CPU
		{354401AF-F612-4FC7-8806-657CAF505121}.Debug|iPhone.ActiveCfg = Debug|Any CPU
		{354401AF-F612-4FC7-8806-657CAF505121}.Debug|iPhone.Build.0 = Debug|Any CPU
		{354401AF-F612-4FC7-8806-657CAF505121}.Debug|iPhone.Deploy.0 = Debug|Any CPU
		{354401AF-F612-4FC7-8806-657CAF505121}.Debug|iPhoneSimulator.ActiveCfg = Debug|Any CPU
		{354401AF-F612-4FC7-8806-657CAF505121}.Debug|iPhoneSimulator.Build.0 = Debug|Any CPU
		{354401AF-F612-4FC7-8806-657CAF505121}.Debug|iPhoneSimulator.Deploy.0 = Debug|Any CPU
		{354401AF-F612-4FC7-8806-657CAF505121}.Release|Any CPU.ActiveCfg = Release|Any CPU
		{354401AF-F612-4FC7-8806-657CAF505121}.Release|Any CPU.Build.0 = Release|Any CPU
		{354401AF-F612-4FC7-8806-657CAF505121}.Release|Any CPU.Deploy.0 = Release|Any CPU
		{354401AF-F612-4FC7-8806-657CAF505121}.Release|iPhone.ActiveCfg = Release|Any CPU
		{354401AF-F612-4FC7-8806-657CAF505121}.Release|iPhone.Build.0 = Release|Any CPU
		{354401AF-F612-4FC7-8806-657CAF505121}.Release|iPhone.Deploy.0 = Release|Any CPU
		{354401AF-F612-4FC7-8806-657CAF505121}.Release|iPhoneSimulator.ActiveCfg = Release|Any CPU
		{354401AF-F612-4FC7-8806-657CAF505121}.Release|iPhoneSimulator.Build.0 = Release|Any CPU
		{354401AF-F612-4FC7-8806-657CAF505121}.Release|iPhoneSimulator.Deploy.0 = Release|Any CPU
		{03854F53-E2C5-4B4D-AD9C-51062AB75205}.Ad-Hoc|Any CPU.ActiveCfg = Ad-Hoc|iPhone
		{03854F53-E2C5-4B4D-AD9C-51062AB75205}.Ad-Hoc|iPhone.ActiveCfg = Ad-Hoc|iPhone
		{03854F53-E2C5-4B4D-AD9C-51062AB75205}.Ad-Hoc|iPhone.Build.0 = Ad-Hoc|iPhone
		{03854F53-E2C5-4B4D-AD9C-51062AB75205}.Ad-Hoc|iPhoneSimulator.ActiveCfg = Ad-Hoc|iPhoneSimulator
		{03854F53-E2C5-4B4D-AD9C-51062AB75205}.Ad-Hoc|iPhoneSimulator.Build.0 = Ad-Hoc|iPhoneSimulator
		{03854F53-E2C5-4B4D-AD9C-51062AB75205}.AppStore|Any CPU.ActiveCfg = AppStore|iPhone
		{03854F53-E2C5-4B4D-AD9C-51062AB75205}.AppStore|iPhone.ActiveCfg = AppStore|iPhone
		{03854F53-E2C5-4B4D-AD9C-51062AB75205}.AppStore|iPhone.Build.0 = AppStore|iPhone
		{03854F53-E2C5-4B4D-AD9C-51062AB75205}.AppStore|iPhoneSimulator.ActiveCfg = AppStore|iPhoneSimulator
		{03854F53-E2C5-4B4D-AD9C-51062AB75205}.AppStore|iPhoneSimulator.Build.0 = AppStore|iPhoneSimulator
		{03854F53-E2C5-4B4D-AD9C-51062AB75205}.Debug|Any CPU.ActiveCfg = Debug|iPhone
		{03854F53-E2C5-4B4D-AD9C-51062AB75205}.Debug|iPhone.ActiveCfg = Debug|iPhone
		{03854F53-E2C5-4B4D-AD9C-51062AB75205}.Debug|iPhone.Build.0 = Debug|iPhone
		{03854F53-E2C5-4B4D-AD9C-51062AB75205}.Debug|iPhoneSimulator.ActiveCfg = Debug|iPhoneSimulator
		{03854F53-E2C5-4B4D-AD9C-51062AB75205}.Debug|iPhoneSimulator.Build.0 = Debug|iPhoneSimulator
		{03854F53-E2C5-4B4D-AD9C-51062AB75205}.Release|Any CPU.ActiveCfg = Release|iPhone
		{03854F53-E2C5-4B4D-AD9C-51062AB75205}.Release|iPhone.ActiveCfg = Release|iPhone
		{03854F53-E2C5-4B4D-AD9C-51062AB75205}.Release|iPhone.Build.0 = Release|iPhone
		{03854F53-E2C5-4B4D-AD9C-51062AB75205}.Release|iPhoneSimulator.ActiveCfg = Release|iPhoneSimulator
		{03854F53-E2C5-4B4D-AD9C-51062AB75205}.Release|iPhoneSimulator.Build.0 = Release|iPhoneSimulator
		{EEBF159C-8C3B-4C88-985A-E0A2FF8C0522}.Ad-Hoc|Any CPU.ActiveCfg = Debug|Any CPU
		{EEBF159C-8C3B-4C88-985A-E0A2FF8C0522}.Ad-Hoc|Any CPU.Build.0 = Debug|Any CPU
		{EEBF159C-8C3B-4C88-985A-E0A2FF8C0522}.Ad-Hoc|iPhone.ActiveCfg = Debug|Any CPU
		{EEBF159C-8C3B-4C88-985A-E0A2FF8C0522}.Ad-Hoc|iPhone.Build.0 = Debug|Any CPU
		{EEBF159C-8C3B-4C88-985A-E0A2FF8C0522}.Ad-Hoc|iPhoneSimulator.ActiveCfg = Debug|Any CPU
		{EEBF159C-8C3B-4C88-985A-E0A2FF8C0522}.Ad-Hoc|iPhoneSimulator.Build.0 = Debug|Any CPU
		{EEBF159C-8C3B-4C88-985A-E0A2FF8C0522}.AppStore|Any CPU.ActiveCfg = Debug|Any CPU
		{EEBF159C-8C3B-4C88-985A-E0A2FF8C0522}.AppStore|Any CPU.Build.0 = Debug|Any CPU
		{EEBF159C-8C3B-4C88-985A-E0A2FF8C0522}.AppStore|iPhone.ActiveCfg = Debug|Any CPU
		{EEBF159C-8C3B-4C88-985A-E0A2FF8C0522}.AppStore|iPhone.Build.0 = Debug|Any CPU
		{EEBF159C-8C3B-4C88-985A-E0A2FF8C0522}.AppStore|iPhoneSimulator.ActiveCfg = Debug|Any CPU
		{EEBF159C-8C3B-4C88-985A-E0A2FF8C0522}.AppStore|iPhoneSimulator.Build.0 = Debug|Any CPU
		{EEBF159C-8C3B-4C88-985A-E0A2FF8C0522}.Debug|Any CPU.ActiveCfg = Debug|Any CPU
		{EEBF159C-8C3B-4C88-985A-E0A2FF8C0522}.Debug|Any CPU.Build.0 = Debug|Any CPU
		{EEBF159C-8C3B-4C88-985A-E0A2FF8C0522}.Debug|iPhone.ActiveCfg = Debug|Any CPU
		{EEBF159C-8C3B-4C88-985A-E0A2FF8C0522}.Debug|iPhone.Build.0 = Debug|Any CPU
		{EEBF159C-8C3B-4C88-985A-E0A2FF8C0522}.Debug|iPhoneSimulator.ActiveCfg = Debug|Any CPU
		{EEBF159C-8C3B-4C88-985A-E0A2FF8C0522}.Debug|iPhoneSimulator.Build.0 = Debug|Any CPU
		{EEBF159C-8C3B-4C88-985A-E0A2FF8C0522}.Release|Any CPU.ActiveCfg = Release|Any CPU
		{EEBF159C-8C3B-4C88-985A-E0A2FF8C0522}.Release|Any CPU.Build.0 = Release|Any CPU
		{EEBF159C-8C3B-4C88-985A-E0A2FF8C0522}.Release|iPhone.ActiveCfg = Release|Any CPU
		{EEBF159C-8C3B-4C88-985A-E0A2FF8C0522}.Release|iPhone.Build.0 = Release|Any CPU
		{EEBF159C-8C3B-4C88-985A-E0A2FF8C0522}.Release|iPhoneSimulator.ActiveCfg = Release|Any CPU
		{EEBF159C-8C3B-4C88-985A-E0A2FF8C0522}.Release|iPhoneSimulator.Build.0 = Release|Any CPU
	EndGlobalSection
	GlobalSection(SolutionProperties) = preSolution
		HideSolutionNode = FALSE
	EndGlobalSection
	GlobalSection(ExtensibilityGlobals) = postSolution
		SolutionGuid = {85DABD11-26AE-4CB9-9FF6-6B428EC3CAAA}
	EndGlobalSection
EndGlobal
